// !$*UTF8*$!
{
	archiveVersion = 1;
	classes = {
	};
	objectVersion = 50;
	objects = {

/* Begin PBXBuildFile section */
		206F376AADCFEB45CE1376BD /* Pods_Algonos_AlgonosUITests.framework in Frameworks */ = {isa = PBXBuildFile; fileRef = 0C0B57AAB0A7B73843D335C8 /* Pods_Algonos_AlgonosUITests.framework */; };
		8435D76623AA7B9C00B30CA1 /* RequestAPI.swift in Sources */ = {isa = PBXBuildFile; fileRef = 8435D76523AA7B9C00B30CA1 /* RequestAPI.swift */; };
		8435D76823AA7D9600B30CA1 /* Request.swift in Sources */ = {isa = PBXBuildFile; fileRef = 8435D76723AA7D9600B30CA1 /* Request.swift */; };
		8435D76A23AA803900B30CA1 /* CategoryRequest.swift in Sources */ = {isa = PBXBuildFile; fileRef = 8435D76923AA803900B30CA1 /* CategoryRequest.swift */; };
		BA21E8CF23AABC6800E34470 /* CourseListViewController.swift in Sources */ = {isa = PBXBuildFile; fileRef = BA21E8CE23AABC6800E34470 /* CourseListViewController.swift */; };
		BA21E8D123AABE9000E34470 /* BasicRequest.swift in Sources */ = {isa = PBXBuildFile; fileRef = BA21E8D023AABE9000E34470 /* BasicRequest.swift */; };
		BA21E8D323AAC1DA00E34470 /* URLBuilderProtocol.swift in Sources */ = {isa = PBXBuildFile; fileRef = BA21E8D223AAC1DA00E34470 /* URLBuilderProtocol.swift */; };
		BA21E8D623AAC3B300E34470 /* CategoryURLBuilder.swift in Sources */ = {isa = PBXBuildFile; fileRef = BA21E8D523AAC3B300E34470 /* CategoryURLBuilder.swift */; };
		BA21E8D823AAC3C100E34470 /* CourseURLBuilder.swift in Sources */ = {isa = PBXBuildFile; fileRef = BA21E8D723AAC3C100E34470 /* CourseURLBuilder.swift */; };
		BA21E8DA23AAC5C900E34470 /* URLBuilder.swift in Sources */ = {isa = PBXBuildFile; fileRef = BA21E8D923AAC5C900E34470 /* URLBuilder.swift */; };
		BA9A8BFD23A39DC600C24A52 /* UIViewController+localize.swift in Sources */ = {isa = PBXBuildFile; fileRef = BA9A8BFC23A39DC600C24A52 /* UIViewController+localize.swift */; };
		BA9A8BFF23A3C7DD00C24A52 /* SpecificCategoryCell.swift in Sources */ = {isa = PBXBuildFile; fileRef = BA9A8BFE23A3C7DD00C24A52 /* SpecificCategoryCell.swift */; };
		BA9A8C0223A4104200C24A52 /* SpecificCategoryCell.xib in Resources */ = {isa = PBXBuildFile; fileRef = BA9A8C0123A4104200C24A52 /* SpecificCategoryCell.xib */; };
		BA9A8C0423A4179D00C24A52 /* UIView+shadow.swift in Sources */ = {isa = PBXBuildFile; fileRef = BA9A8C0323A4179D00C24A52 /* UIView+shadow.swift */; };
		BA9A8C0623A447C200C24A52 /* CourseViewController.swift in Sources */ = {isa = PBXBuildFile; fileRef = BA9A8C0523A447C200C24A52 /* CourseViewController.swift */; };
		BA9A8C0923A55BBA00C24A52 /* CourseRequest.swift in Sources */ = {isa = PBXBuildFile; fileRef = BA9A8C0823A55BBA00C24A52 /* CourseRequest.swift */; };
		BAC4178B23A2981600AC1EE5 /* AppDelegate.swift in Sources */ = {isa = PBXBuildFile; fileRef = BAC4178A23A2981600AC1EE5 /* AppDelegate.swift */; };
		BAC4178D23A2981600AC1EE5 /* SceneDelegate.swift in Sources */ = {isa = PBXBuildFile; fileRef = BAC4178C23A2981600AC1EE5 /* SceneDelegate.swift */; };
		BAC4179223A2981600AC1EE5 /* Main.storyboard in Resources */ = {isa = PBXBuildFile; fileRef = BAC4179023A2981600AC1EE5 /* Main.storyboard */; };
		BAC4179423A2981A00AC1EE5 /* Assets.xcassets in Resources */ = {isa = PBXBuildFile; fileRef = BAC4179323A2981A00AC1EE5 /* Assets.xcassets */; };
		BAC4179723A2981A00AC1EE5 /* LaunchScreen.storyboard in Resources */ = {isa = PBXBuildFile; fileRef = BAC4179523A2981A00AC1EE5 /* LaunchScreen.storyboard */; };
		BAC417A223A2981A00AC1EE5 /* AlgonosTests.swift in Sources */ = {isa = PBXBuildFile; fileRef = BAC417A123A2981A00AC1EE5 /* AlgonosTests.swift */; };
		BAC417AD23A2981B00AC1EE5 /* AlgonosUITests.swift in Sources */ = {isa = PBXBuildFile; fileRef = BAC417AC23A2981B00AC1EE5 /* AlgonosUITests.swift */; };
		BAC417BC23A29BE000AC1EE5 /* TestTableViewCell.swift in Sources */ = {isa = PBXBuildFile; fileRef = BAC417BB23A29BE000AC1EE5 /* TestTableViewCell.swift */; };
		BAC417BE23A29C1900AC1EE5 /* HomeViewController.swift in Sources */ = {isa = PBXBuildFile; fileRef = BAC417BD23A29C1900AC1EE5 /* HomeViewController.swift */; };
		BAC417C323A2F0E200AC1EE5 /* Localizable.strings in Resources */ = {isa = PBXBuildFile; fileRef = BAC417C523A2F0E200AC1EE5 /* Localizable.strings */; };
		BAC417C923A2F2FC00AC1EE5 /* AccountViewController.swift in Sources */ = {isa = PBXBuildFile; fileRef = BAC417C823A2F2FC00AC1EE5 /* AccountViewController.swift */; };
		D156EAEF5774C41E5C9AD3DB /* Pods_AlgonosTests.framework in Frameworks */ = {isa = PBXBuildFile; fileRef = D0C40DB65270ACF440E7EED3 /* Pods_AlgonosTests.framework */; };
		FB03162EA0B31519E52C8E0E /* Pods_Algonos.framework in Frameworks */ = {isa = PBXBuildFile; fileRef = 0CFFD8D5EF018585164BDA8F /* Pods_Algonos.framework */; };
/* End PBXBuildFile section */

/* Begin PBXContainerItemProxy section */
		BAC4179E23A2981A00AC1EE5 /* PBXContainerItemProxy */ = {
			isa = PBXContainerItemProxy;
			containerPortal = BAC4177F23A2981600AC1EE5 /* Project object */;
			proxyType = 1;
			remoteGlobalIDString = BAC4178623A2981600AC1EE5;
			remoteInfo = Algonos;
		};
		BAC417A923A2981B00AC1EE5 /* PBXContainerItemProxy */ = {
			isa = PBXContainerItemProxy;
			containerPortal = BAC4177F23A2981600AC1EE5 /* Project object */;
			proxyType = 1;
			remoteGlobalIDString = BAC4178623A2981600AC1EE5;
			remoteInfo = Algonos;
		};
/* End PBXContainerItemProxy section */

/* Begin PBXFileReference section */
		0C0B57AAB0A7B73843D335C8 /* Pods_Algonos_AlgonosUITests.framework */ = {isa = PBXFileReference; explicitFileType = wrapper.framework; includeInIndex = 0; path = Pods_Algonos_AlgonosUITests.framework; sourceTree = BUILT_PRODUCTS_DIR; };
		0CFFD8D5EF018585164BDA8F /* Pods_Algonos.framework */ = {isa = PBXFileReference; explicitFileType = wrapper.framework; includeInIndex = 0; path = Pods_Algonos.framework; sourceTree = BUILT_PRODUCTS_DIR; };
		4441B0C15A5A4EDE8199EBCE /* Pods-AlgonosTests.release.xcconfig */ = {isa = PBXFileReference; includeInIndex = 1; lastKnownFileType = text.xcconfig; name = "Pods-AlgonosTests.release.xcconfig"; path = "Target Support Files/Pods-AlgonosTests/Pods-AlgonosTests.release.xcconfig"; sourceTree = "<group>"; };
		6255DE71B5638B242574CB87 /* Pods-Algonos-AlgonosUITests.debug.xcconfig */ = {isa = PBXFileReference; includeInIndex = 1; lastKnownFileType = text.xcconfig; name = "Pods-Algonos-AlgonosUITests.debug.xcconfig"; path = "Target Support Files/Pods-Algonos-AlgonosUITests/Pods-Algonos-AlgonosUITests.debug.xcconfig"; sourceTree = "<group>"; };
		79CDEED84F37679C14CC1FC4 /* Pods-Algonos.debug.xcconfig */ = {isa = PBXFileReference; includeInIndex = 1; lastKnownFileType = text.xcconfig; name = "Pods-Algonos.debug.xcconfig"; path = "Target Support Files/Pods-Algonos/Pods-Algonos.debug.xcconfig"; sourceTree = "<group>"; };
		7FDE34998A6FEA68B90B6BD8 /* Pods-Algonos-AlgonosUITests.release.xcconfig */ = {isa = PBXFileReference; includeInIndex = 1; lastKnownFileType = text.xcconfig; name = "Pods-Algonos-AlgonosUITests.release.xcconfig"; path = "Target Support Files/Pods-Algonos-AlgonosUITests/Pods-Algonos-AlgonosUITests.release.xcconfig"; sourceTree = "<group>"; };
		8435D76523AA7B9C00B30CA1 /* RequestAPI.swift */ = {isa = PBXFileReference; lastKnownFileType = sourcecode.swift; path = RequestAPI.swift; sourceTree = "<group>"; };
		8435D76723AA7D9600B30CA1 /* Request.swift */ = {isa = PBXFileReference; lastKnownFileType = sourcecode.swift; path = Request.swift; sourceTree = "<group>"; };
		8435D76923AA803900B30CA1 /* CategoryRequest.swift */ = {isa = PBXFileReference; lastKnownFileType = sourcecode.swift; path = CategoryRequest.swift; sourceTree = "<group>"; };
		ACAB38799323858EBA57432B /* Pods-Algonos.release.xcconfig */ = {isa = PBXFileReference; includeInIndex = 1; lastKnownFileType = text.xcconfig; name = "Pods-Algonos.release.xcconfig"; path = "Target Support Files/Pods-Algonos/Pods-Algonos.release.xcconfig"; sourceTree = "<group>"; };
		B89DB55EBC5C91695B313EE5 /* Pods-AlgonosTests.debug.xcconfig */ = {isa = PBXFileReference; includeInIndex = 1; lastKnownFileType = text.xcconfig; name = "Pods-AlgonosTests.debug.xcconfig"; path = "Target Support Files/Pods-AlgonosTests/Pods-AlgonosTests.debug.xcconfig"; sourceTree = "<group>"; };
		BA21E8CE23AABC6800E34470 /* CourseListViewController.swift */ = {isa = PBXFileReference; lastKnownFileType = sourcecode.swift; path = CourseListViewController.swift; sourceTree = "<group>"; };
		BA21E8D023AABE9000E34470 /* BasicRequest.swift */ = {isa = PBXFileReference; lastKnownFileType = sourcecode.swift; path = BasicRequest.swift; sourceTree = "<group>"; };
		BA21E8D223AAC1DA00E34470 /* URLBuilderProtocol.swift */ = {isa = PBXFileReference; lastKnownFileType = sourcecode.swift; path = URLBuilderProtocol.swift; sourceTree = "<group>"; };
		BA21E8D523AAC3B300E34470 /* CategoryURLBuilder.swift */ = {isa = PBXFileReference; lastKnownFileType = sourcecode.swift; path = CategoryURLBuilder.swift; sourceTree = "<group>"; };
		BA21E8D723AAC3C100E34470 /* CourseURLBuilder.swift */ = {isa = PBXFileReference; lastKnownFileType = sourcecode.swift; path = CourseURLBuilder.swift; sourceTree = "<group>"; };
		BA21E8D923AAC5C900E34470 /* URLBuilder.swift */ = {isa = PBXFileReference; lastKnownFileType = sourcecode.swift; path = URLBuilder.swift; sourceTree = "<group>"; };
		BA9A8BFC23A39DC600C24A52 /* UIViewController+localize.swift */ = {isa = PBXFileReference; lastKnownFileType = sourcecode.swift; path = "UIViewController+localize.swift"; sourceTree = "<group>"; };
		BA9A8BFE23A3C7DD00C24A52 /* SpecificCategoryCell.swift */ = {isa = PBXFileReference; lastKnownFileType = sourcecode.swift; path = SpecificCategoryCell.swift; sourceTree = "<group>"; };
		BA9A8C0123A4104200C24A52 /* SpecificCategoryCell.xib */ = {isa = PBXFileReference; lastKnownFileType = file.xib; path = SpecificCategoryCell.xib; sourceTree = "<group>"; };
		BA9A8C0323A4179D00C24A52 /* UIView+shadow.swift */ = {isa = PBXFileReference; lastKnownFileType = sourcecode.swift; path = "UIView+shadow.swift"; sourceTree = "<group>"; };
		BA9A8C0523A447C200C24A52 /* CourseViewController.swift */ = {isa = PBXFileReference; lastKnownFileType = sourcecode.swift; path = CourseViewController.swift; sourceTree = "<group>"; };
		BA9A8C0823A55BBA00C24A52 /* CourseRequest.swift */ = {isa = PBXFileReference; lastKnownFileType = sourcecode.swift; path = CourseRequest.swift; sourceTree = "<group>"; };
		BAC4178723A2981600AC1EE5 /* Algonos.app */ = {isa = PBXFileReference; explicitFileType = wrapper.application; includeInIndex = 0; path = Algonos.app; sourceTree = BUILT_PRODUCTS_DIR; };
		BAC4178A23A2981600AC1EE5 /* AppDelegate.swift */ = {isa = PBXFileReference; lastKnownFileType = sourcecode.swift; path = AppDelegate.swift; sourceTree = "<group>"; };
		BAC4178C23A2981600AC1EE5 /* SceneDelegate.swift */ = {isa = PBXFileReference; lastKnownFileType = sourcecode.swift; path = SceneDelegate.swift; sourceTree = "<group>"; };
		BAC4179123A2981600AC1EE5 /* Base */ = {isa = PBXFileReference; lastKnownFileType = file.storyboard; name = Base; path = Base.lproj/Main.storyboard; sourceTree = "<group>"; };
		BAC4179323A2981A00AC1EE5 /* Assets.xcassets */ = {isa = PBXFileReference; lastKnownFileType = folder.assetcatalog; path = Assets.xcassets; sourceTree = "<group>"; };
		BAC4179623A2981A00AC1EE5 /* Base */ = {isa = PBXFileReference; lastKnownFileType = file.storyboard; name = Base; path = Base.lproj/LaunchScreen.storyboard; sourceTree = "<group>"; };
		BAC4179823A2981A00AC1EE5 /* Info.plist */ = {isa = PBXFileReference; lastKnownFileType = text.plist.xml; path = Info.plist; sourceTree = "<group>"; };
		BAC4179D23A2981A00AC1EE5 /* AlgonosTests.xctest */ = {isa = PBXFileReference; explicitFileType = wrapper.cfbundle; includeInIndex = 0; path = AlgonosTests.xctest; sourceTree = BUILT_PRODUCTS_DIR; };
		BAC417A123A2981A00AC1EE5 /* AlgonosTests.swift */ = {isa = PBXFileReference; lastKnownFileType = sourcecode.swift; path = AlgonosTests.swift; sourceTree = "<group>"; };
		BAC417A323A2981A00AC1EE5 /* Info.plist */ = {isa = PBXFileReference; lastKnownFileType = text.plist.xml; path = Info.plist; sourceTree = "<group>"; };
		BAC417A823A2981B00AC1EE5 /* AlgonosUITests.xctest */ = {isa = PBXFileReference; explicitFileType = wrapper.cfbundle; includeInIndex = 0; path = AlgonosUITests.xctest; sourceTree = BUILT_PRODUCTS_DIR; };
		BAC417AC23A2981B00AC1EE5 /* AlgonosUITests.swift */ = {isa = PBXFileReference; lastKnownFileType = sourcecode.swift; path = AlgonosUITests.swift; sourceTree = "<group>"; };
		BAC417AE23A2981B00AC1EE5 /* Info.plist */ = {isa = PBXFileReference; lastKnownFileType = text.plist.xml; path = Info.plist; sourceTree = "<group>"; };
		BAC417BB23A29BE000AC1EE5 /* TestTableViewCell.swift */ = {isa = PBXFileReference; lastKnownFileType = sourcecode.swift; path = TestTableViewCell.swift; sourceTree = "<group>"; };
		BAC417BD23A29C1900AC1EE5 /* HomeViewController.swift */ = {isa = PBXFileReference; lastKnownFileType = sourcecode.swift; path = HomeViewController.swift; sourceTree = "<group>"; };
		BAC417BF23A2F05900AC1EE5 /* fr */ = {isa = PBXFileReference; lastKnownFileType = text.plist.strings; name = fr; path = fr.lproj/Main.strings; sourceTree = "<group>"; };
		BAC417C023A2F05900AC1EE5 /* fr */ = {isa = PBXFileReference; lastKnownFileType = text.plist.strings; name = fr; path = fr.lproj/LaunchScreen.strings; sourceTree = "<group>"; };
		BAC417C423A2F0E200AC1EE5 /* en */ = {isa = PBXFileReference; lastKnownFileType = text.plist.strings; name = en; path = en.lproj/Localizable.strings; sourceTree = "<group>"; };
		BAC417C623A2F0E800AC1EE5 /* fr */ = {isa = PBXFileReference; lastKnownFileType = text.plist.strings; name = fr; path = fr.lproj/Localizable.strings; sourceTree = "<group>"; };
		BAC417C823A2F2FC00AC1EE5 /* AccountViewController.swift */ = {isa = PBXFileReference; lastKnownFileType = sourcecode.swift; path = AccountViewController.swift; sourceTree = "<group>"; };
		D0C40DB65270ACF440E7EED3 /* Pods_AlgonosTests.framework */ = {isa = PBXFileReference; explicitFileType = wrapper.framework; includeInIndex = 0; path = Pods_AlgonosTests.framework; sourceTree = BUILT_PRODUCTS_DIR; };
/* End PBXFileReference section */

/* Begin PBXFrameworksBuildPhase section */
		BAC4178423A2981600AC1EE5 /* Frameworks */ = {
			isa = PBXFrameworksBuildPhase;
			buildActionMask = 2147483647;
			files = (
				FB03162EA0B31519E52C8E0E /* Pods_Algonos.framework in Frameworks */,
			);
			runOnlyForDeploymentPostprocessing = 0;
		};
		BAC4179A23A2981A00AC1EE5 /* Frameworks */ = {
			isa = PBXFrameworksBuildPhase;
			buildActionMask = 2147483647;
			files = (
				D156EAEF5774C41E5C9AD3DB /* Pods_AlgonosTests.framework in Frameworks */,
			);
			runOnlyForDeploymentPostprocessing = 0;
		};
		BAC417A523A2981B00AC1EE5 /* Frameworks */ = {
			isa = PBXFrameworksBuildPhase;
			buildActionMask = 2147483647;
			files = (
				206F376AADCFEB45CE1376BD /* Pods_Algonos_AlgonosUITests.framework in Frameworks */,
			);
			runOnlyForDeploymentPostprocessing = 0;
		};
/* End PBXFrameworksBuildPhase section */

/* Begin PBXGroup section */
		5F4DB6E0BA710D9BF449D5FB /* Frameworks */ = {
			isa = PBXGroup;
			children = (
				0CFFD8D5EF018585164BDA8F /* Pods_Algonos.framework */,
				0C0B57AAB0A7B73843D335C8 /* Pods_Algonos_AlgonosUITests.framework */,
				D0C40DB65270ACF440E7EED3 /* Pods_AlgonosTests.framework */,
			);
			name = Frameworks;
			sourceTree = "<group>";
		};
		BA21E8D423AAC33000E34470 /* URL */ = {
			isa = PBXGroup;
			children = (
				BA21E8D923AAC5C900E34470 /* URLBuilder.swift */,
				BA21E8D223AAC1DA00E34470 /* URLBuilderProtocol.swift */,
				BA21E8D523AAC3B300E34470 /* CategoryURLBuilder.swift */,
				BA21E8D723AAC3C100E34470 /* CourseURLBuilder.swift */,
			);
			path = URL;
			sourceTree = "<group>";
		};
		BA9A8BFB23A39D9B00C24A52 /* Utils */ = {
			isa = PBXGroup;
			children = (
				BA9A8BFC23A39DC600C24A52 /* UIViewController+localize.swift */,
				BA9A8C0323A4179D00C24A52 /* UIView+shadow.swift */,
			);
			path = Utils;
			sourceTree = "<group>";
		};
		BA9A8C0023A4100900C24A52 /* Cells */ = {
			isa = PBXGroup;
			children = (
				BA9A8C0123A4104200C24A52 /* SpecificCategoryCell.xib */,
				BA9A8BFE23A3C7DD00C24A52 /* SpecificCategoryCell.swift */,
				BAC417BB23A29BE000AC1EE5 /* TestTableViewCell.swift */,
			);
			path = Cells;
			sourceTree = "<group>";
		};
		BA9A8C0723A55B3800C24A52 /* Request */ = {
			isa = PBXGroup;
			children = (
				BA9A8C0823A55BBA00C24A52 /* CourseRequest.swift */,
				8435D76923AA803900B30CA1 /* CategoryRequest.swift */,
				8435D76523AA7B9C00B30CA1 /* RequestAPI.swift */,
				8435D76723AA7D9600B30CA1 /* Request.swift */,
				BA21E8D023AABE9000E34470 /* BasicRequest.swift */,
			);
			path = Request;
			sourceTree = "<group>";
		};
		BAC4177E23A2981600AC1EE5 = {
			isa = PBXGroup;
			children = (
				BAC417C523A2F0E200AC1EE5 /* Localizable.strings */,
				BAC4178923A2981600AC1EE5 /* Algonos */,
				BAC417A023A2981A00AC1EE5 /* AlgonosTests */,
				BAC417AB23A2981B00AC1EE5 /* AlgonosUITests */,
				BAC4178823A2981600AC1EE5 /* Products */,
				C298209F5FA2F0591300E6A5 /* Pods */,
				5F4DB6E0BA710D9BF449D5FB /* Frameworks */,
			);
			sourceTree = "<group>";
		};
		BAC4178823A2981600AC1EE5 /* Products */ = {
			isa = PBXGroup;
			children = (
				BAC4178723A2981600AC1EE5 /* Algonos.app */,
				BAC4179D23A2981A00AC1EE5 /* AlgonosTests.xctest */,
				BAC417A823A2981B00AC1EE5 /* AlgonosUITests.xctest */,
			);
			name = Products;
			sourceTree = "<group>";
		};
		BAC4178923A2981600AC1EE5 /* Algonos */ = {
			isa = PBXGroup;
			children = (
				BA21E8D423AAC33000E34470 /* URL */,
				BA9A8C0723A55B3800C24A52 /* Request */,
				BA9A8C0023A4100900C24A52 /* Cells */,
				BA9A8BFB23A39D9B00C24A52 /* Utils */,
				BAC417C723A2F2E700AC1EE5 /* Account */,
				BAC417BA23A29BA900AC1EE5 /* Controllers */,
				BAC4178A23A2981600AC1EE5 /* AppDelegate.swift */,
				BAC4178C23A2981600AC1EE5 /* SceneDelegate.swift */,
				BAC4179023A2981600AC1EE5 /* Main.storyboard */,
				BAC4179323A2981A00AC1EE5 /* Assets.xcassets */,
				BAC4179523A2981A00AC1EE5 /* LaunchScreen.storyboard */,
				BAC4179823A2981A00AC1EE5 /* Info.plist */,
			);
			path = Algonos;
			sourceTree = "<group>";
		};
		BAC417A023A2981A00AC1EE5 /* AlgonosTests */ = {
			isa = PBXGroup;
			children = (
				BAC417A123A2981A00AC1EE5 /* AlgonosTests.swift */,
				BAC417A323A2981A00AC1EE5 /* Info.plist */,
			);
			path = AlgonosTests;
			sourceTree = "<group>";
		};
		BAC417AB23A2981B00AC1EE5 /* AlgonosUITests */ = {
			isa = PBXGroup;
			children = (
				BAC417AC23A2981B00AC1EE5 /* AlgonosUITests.swift */,
				BAC417AE23A2981B00AC1EE5 /* Info.plist */,
			);
			path = AlgonosUITests;
			sourceTree = "<group>";
		};
		BAC417BA23A29BA900AC1EE5 /* Controllers */ = {
			isa = PBXGroup;
			children = (
				BAC417BD23A29C1900AC1EE5 /* HomeViewController.swift */,
				BA21E8CE23AABC6800E34470 /* CourseListViewController.swift */,
				BA9A8C0523A447C200C24A52 /* CourseViewController.swift */,
			);
			path = Controllers;
			sourceTree = "<group>";
		};
		BAC417C723A2F2E700AC1EE5 /* Account */ = {
			isa = PBXGroup;
			children = (
				BAC417C823A2F2FC00AC1EE5 /* AccountViewController.swift */,
			);
			path = Account;
			sourceTree = "<group>";
		};
		C298209F5FA2F0591300E6A5 /* Pods */ = {
			isa = PBXGroup;
			children = (
				79CDEED84F37679C14CC1FC4 /* Pods-Algonos.debug.xcconfig */,
				ACAB38799323858EBA57432B /* Pods-Algonos.release.xcconfig */,
				6255DE71B5638B242574CB87 /* Pods-Algonos-AlgonosUITests.debug.xcconfig */,
				7FDE34998A6FEA68B90B6BD8 /* Pods-Algonos-AlgonosUITests.release.xcconfig */,
				B89DB55EBC5C91695B313EE5 /* Pods-AlgonosTests.debug.xcconfig */,
				4441B0C15A5A4EDE8199EBCE /* Pods-AlgonosTests.release.xcconfig */,
			);
			name = Pods;
			path = Pods;
			sourceTree = "<group>";
		};
/* End PBXGroup section */

/* Begin PBXNativeTarget section */
		BAC4178623A2981600AC1EE5 /* Algonos */ = {
			isa = PBXNativeTarget;
			buildConfigurationList = BAC417B123A2981B00AC1EE5 /* Build configuration list for PBXNativeTarget "Algonos" */;
			buildPhases = (
				8BEF3C68B3048407E09797D7 /* [CP] Check Pods Manifest.lock */,
				BAC4178323A2981600AC1EE5 /* Sources */,
				BAC4178423A2981600AC1EE5 /* Frameworks */,
				BAC4178523A2981600AC1EE5 /* Resources */,
				6DAA8740E411A77E028DF637 /* [CP] Embed Pods Frameworks */,
			);
			buildRules = (
			);
			dependencies = (
			);
			name = Algonos;
			productName = Algonos;
			productReference = BAC4178723A2981600AC1EE5 /* Algonos.app */;
			productType = "com.apple.product-type.application";
		};
		BAC4179C23A2981A00AC1EE5 /* AlgonosTests */ = {
			isa = PBXNativeTarget;
			buildConfigurationList = BAC417B423A2981B00AC1EE5 /* Build configuration list for PBXNativeTarget "AlgonosTests" */;
			buildPhases = (
				DA8DBEF3B12602E6BD804B8E /* [CP] Check Pods Manifest.lock */,
				BAC4179923A2981A00AC1EE5 /* Sources */,
				BAC4179A23A2981A00AC1EE5 /* Frameworks */,
				BAC4179B23A2981A00AC1EE5 /* Resources */,
			);
			buildRules = (
			);
			dependencies = (
				BAC4179F23A2981A00AC1EE5 /* PBXTargetDependency */,
			);
			name = AlgonosTests;
			productName = AlgonosTests;
			productReference = BAC4179D23A2981A00AC1EE5 /* AlgonosTests.xctest */;
			productType = "com.apple.product-type.bundle.unit-test";
		};
		BAC417A723A2981B00AC1EE5 /* AlgonosUITests */ = {
			isa = PBXNativeTarget;
			buildConfigurationList = BAC417B723A2981B00AC1EE5 /* Build configuration list for PBXNativeTarget "AlgonosUITests" */;
			buildPhases = (
				4F77DEE64C7E480F75B15FED /* [CP] Check Pods Manifest.lock */,
				BAC417A423A2981B00AC1EE5 /* Sources */,
				BAC417A523A2981B00AC1EE5 /* Frameworks */,
				BAC417A623A2981B00AC1EE5 /* Resources */,
				04D2DDD0799A3D805634BC75 /* [CP] Embed Pods Frameworks */,
			);
			buildRules = (
			);
			dependencies = (
				BAC417AA23A2981B00AC1EE5 /* PBXTargetDependency */,
			);
			name = AlgonosUITests;
			productName = AlgonosUITests;
			productReference = BAC417A823A2981B00AC1EE5 /* AlgonosUITests.xctest */;
			productType = "com.apple.product-type.bundle.ui-testing";
		};
/* End PBXNativeTarget section */

/* Begin PBXProject section */
		BAC4177F23A2981600AC1EE5 /* Project object */ = {
			isa = PBXProject;
			attributes = {
				LastSwiftUpdateCheck = 1100;
				LastUpgradeCheck = 1100;
				ORGANIZATIONNAME = "Tristan Bilot";
				TargetAttributes = {
					BAC4178623A2981600AC1EE5 = {
						CreatedOnToolsVersion = 11.0;
					};
					BAC4179C23A2981A00AC1EE5 = {
						CreatedOnToolsVersion = 11.0;
						TestTargetID = BAC4178623A2981600AC1EE5;
					};
					BAC417A723A2981B00AC1EE5 = {
						CreatedOnToolsVersion = 11.0;
						TestTargetID = BAC4178623A2981600AC1EE5;
					};
				};
			};
			buildConfigurationList = BAC4178223A2981600AC1EE5 /* Build configuration list for PBXProject "Algonos" */;
			compatibilityVersion = "Xcode 9.3";
			developmentRegion = en;
			hasScannedForEncodings = 0;
			knownRegions = (
				en,
				Base,
				fr,
			);
			mainGroup = BAC4177E23A2981600AC1EE5;
			productRefGroup = BAC4178823A2981600AC1EE5 /* Products */;
			projectDirPath = "";
			projectRoot = "";
			targets = (
				BAC4178623A2981600AC1EE5 /* Algonos */,
				BAC4179C23A2981A00AC1EE5 /* AlgonosTests */,
				BAC417A723A2981B00AC1EE5 /* AlgonosUITests */,
			);
		};
/* End PBXProject section */

/* Begin PBXResourcesBuildPhase section */
		BAC4178523A2981600AC1EE5 /* Resources */ = {
			isa = PBXResourcesBuildPhase;
			buildActionMask = 2147483647;
			files = (
				BAC4179723A2981A00AC1EE5 /* LaunchScreen.storyboard in Resources */,
				BAC417C323A2F0E200AC1EE5 /* Localizable.strings in Resources */,
				BA9A8C0223A4104200C24A52 /* SpecificCategoryCell.xib in Resources */,
				BAC4179423A2981A00AC1EE5 /* Assets.xcassets in Resources */,
				BAC4179223A2981600AC1EE5 /* Main.storyboard in Resources */,
			);
			runOnlyForDeploymentPostprocessing = 0;
		};
		BAC4179B23A2981A00AC1EE5 /* Resources */ = {
			isa = PBXResourcesBuildPhase;
			buildActionMask = 2147483647;
			files = (
			);
			runOnlyForDeploymentPostprocessing = 0;
		};
		BAC417A623A2981B00AC1EE5 /* Resources */ = {
			isa = PBXResourcesBuildPhase;
			buildActionMask = 2147483647;
			files = (
			);
			runOnlyForDeploymentPostprocessing = 0;
		};
/* End PBXResourcesBuildPhase section */

/* Begin PBXShellScriptBuildPhase section */
		04D2DDD0799A3D805634BC75 /* [CP] Embed Pods Frameworks */ = {
			isa = PBXShellScriptBuildPhase;
			buildActionMask = 2147483647;
			files = (
			);
			inputFileListPaths = (
				"${PODS_ROOT}/Target Support Files/Pods-Algonos-AlgonosUITests/Pods-Algonos-AlgonosUITests-frameworks-${CONFIGURATION}-input-files.xcfilelist",
			);
			name = "[CP] Embed Pods Frameworks";
			outputFileListPaths = (
				"${PODS_ROOT}/Target Support Files/Pods-Algonos-AlgonosUITests/Pods-Algonos-AlgonosUITests-frameworks-${CONFIGURATION}-output-files.xcfilelist",
			);
			runOnlyForDeploymentPostprocessing = 0;
			shellPath = /bin/sh;
			shellScript = "\"${PODS_ROOT}/Target Support Files/Pods-Algonos-AlgonosUITests/Pods-Algonos-AlgonosUITests-frameworks.sh\"\n";
			showEnvVarsInLog = 0;
		};
		4F77DEE64C7E480F75B15FED /* [CP] Check Pods Manifest.lock */ = {
			isa = PBXShellScriptBuildPhase;
			buildActionMask = 2147483647;
			files = (
			);
			inputFileListPaths = (
			);
			inputPaths = (
				"${PODS_PODFILE_DIR_PATH}/Podfile.lock",
				"${PODS_ROOT}/Manifest.lock",
			);
			name = "[CP] Check Pods Manifest.lock";
			outputFileListPaths = (
			);
			outputPaths = (
				"$(DERIVED_FILE_DIR)/Pods-Algonos-AlgonosUITests-checkManifestLockResult.txt",
			);
			runOnlyForDeploymentPostprocessing = 0;
			shellPath = /bin/sh;
			shellScript = "diff \"${PODS_PODFILE_DIR_PATH}/Podfile.lock\" \"${PODS_ROOT}/Manifest.lock\" > /dev/null\nif [ $? != 0 ] ; then\n    # print error to STDERR\n    echo \"error: The sandbox is not in sync with the Podfile.lock. Run 'pod install' or update your CocoaPods installation.\" >&2\n    exit 1\nfi\n# This output is used by Xcode 'outputs' to avoid re-running this script phase.\necho \"SUCCESS\" > \"${SCRIPT_OUTPUT_FILE_0}\"\n";
			showEnvVarsInLog = 0;
		};
		6DAA8740E411A77E028DF637 /* [CP] Embed Pods Frameworks */ = {
			isa = PBXShellScriptBuildPhase;
			buildActionMask = 2147483647;
			files = (
			);
			inputFileListPaths = (
				"${PODS_ROOT}/Target Support Files/Pods-Algonos/Pods-Algonos-frameworks-${CONFIGURATION}-input-files.xcfilelist",
			);
			name = "[CP] Embed Pods Frameworks";
			outputFileListPaths = (
				"${PODS_ROOT}/Target Support Files/Pods-Algonos/Pods-Algonos-frameworks-${CONFIGURATION}-output-files.xcfilelist",
			);
			runOnlyForDeploymentPostprocessing = 0;
			shellPath = /bin/sh;
			shellScript = "\"${PODS_ROOT}/Target Support Files/Pods-Algonos/Pods-Algonos-frameworks.sh\"\n";
			showEnvVarsInLog = 0;
		};
		8BEF3C68B3048407E09797D7 /* [CP] Check Pods Manifest.lock */ = {
			isa = PBXShellScriptBuildPhase;
			buildActionMask = 2147483647;
			files = (
			);
			inputFileListPaths = (
			);
			inputPaths = (
				"${PODS_PODFILE_DIR_PATH}/Podfile.lock",
				"${PODS_ROOT}/Manifest.lock",
			);
			name = "[CP] Check Pods Manifest.lock";
			outputFileListPaths = (
			);
			outputPaths = (
				"$(DERIVED_FILE_DIR)/Pods-Algonos-checkManifestLockResult.txt",
			);
			runOnlyForDeploymentPostprocessing = 0;
			shellPath = /bin/sh;
			shellScript = "diff \"${PODS_PODFILE_DIR_PATH}/Podfile.lock\" \"${PODS_ROOT}/Manifest.lock\" > /dev/null\nif [ $? != 0 ] ; then\n    # print error to STDERR\n    echo \"error: The sandbox is not in sync with the Podfile.lock. Run 'pod install' or update your CocoaPods installation.\" >&2\n    exit 1\nfi\n# This output is used by Xcode 'outputs' to avoid re-running this script phase.\necho \"SUCCESS\" > \"${SCRIPT_OUTPUT_FILE_0}\"\n";
			showEnvVarsInLog = 0;
		};
		DA8DBEF3B12602E6BD804B8E /* [CP] Check Pods Manifest.lock */ = {
			isa = PBXShellScriptBuildPhase;
			buildActionMask = 2147483647;
			files = (
			);
			inputFileListPaths = (
			);
			inputPaths = (
				"${PODS_PODFILE_DIR_PATH}/Podfile.lock",
				"${PODS_ROOT}/Manifest.lock",
			);
			name = "[CP] Check Pods Manifest.lock";
			outputFileListPaths = (
			);
			outputPaths = (
				"$(DERIVED_FILE_DIR)/Pods-AlgonosTests-checkManifestLockResult.txt",
			);
			runOnlyForDeploymentPostprocessing = 0;
			shellPath = /bin/sh;
			shellScript = "diff \"${PODS_PODFILE_DIR_PATH}/Podfile.lock\" \"${PODS_ROOT}/Manifest.lock\" > /dev/null\nif [ $? != 0 ] ; then\n    # print error to STDERR\n    echo \"error: The sandbox is not in sync with the Podfile.lock. Run 'pod install' or update your CocoaPods installation.\" >&2\n    exit 1\nfi\n# This output is used by Xcode 'outputs' to avoid re-running this script phase.\necho \"SUCCESS\" > \"${SCRIPT_OUTPUT_FILE_0}\"\n";
			showEnvVarsInLog = 0;
		};
/* End PBXShellScriptBuildPhase section */

/* Begin PBXSourcesBuildPhase section */
		BAC4178323A2981600AC1EE5 /* Sources */ = {
			isa = PBXSourcesBuildPhase;
			buildActionMask = 2147483647;
			files = (
				BA21E8D123AABE9000E34470 /* BasicRequest.swift in Sources */,
				BA9A8C0623A447C200C24A52 /* CourseViewController.swift in Sources */,
				8435D76A23AA803900B30CA1 /* CategoryRequest.swift in Sources */,
				8435D76623AA7B9C00B30CA1 /* RequestAPI.swift in Sources */,
				BA9A8C0423A4179D00C24A52 /* UIView+shadow.swift in Sources */,
				BA21E8D323AAC1DA00E34470 /* URLBuilderProtocol.swift in Sources */,
				BA21E8D823AAC3C100E34470 /* CourseURLBuilder.swift in Sources */,
				BAC417BE23A29C1900AC1EE5 /* HomeViewController.swift in Sources */,
				BA9A8C0923A55BBA00C24A52 /* CourseRequest.swift in Sources */,
				BA21E8DA23AAC5C900E34470 /* URLBuilder.swift in Sources */,
				BA21E8D623AAC3B300E34470 /* CategoryURLBuilder.swift in Sources */,
				BA9A8BFD23A39DC600C24A52 /* UIViewController+localize.swift in Sources */,
				BAC417C923A2F2FC00AC1EE5 /* AccountViewController.swift in Sources */,
				BA9A8BFF23A3C7DD00C24A52 /* SpecificCategoryCell.swift in Sources */,
				BAC417BC23A29BE000AC1EE5 /* TestTableViewCell.swift in Sources */,
				BAC4178B23A2981600AC1EE5 /* AppDelegate.swift in Sources */,
				BA21E8CF23AABC6800E34470 /* CourseListViewController.swift in Sources */,
				8435D76823AA7D9600B30CA1 /* Request.swift in Sources */,
				BAC4178D23A2981600AC1EE5 /* SceneDelegate.swift in Sources */,
			);
			runOnlyForDeploymentPostprocessing = 0;
		};
		BAC4179923A2981A00AC1EE5 /* Sources */ = {
			isa = PBXSourcesBuildPhase;
			buildActionMask = 2147483647;
			files = (
				BAC417A223A2981A00AC1EE5 /* AlgonosTests.swift in Sources */,
			);
			runOnlyForDeploymentPostprocessing = 0;
		};
		BAC417A423A2981B00AC1EE5 /* Sources */ = {
			isa = PBXSourcesBuildPhase;
			buildActionMask = 2147483647;
			files = (
				BAC417AD23A2981B00AC1EE5 /* AlgonosUITests.swift in Sources */,
			);
			runOnlyForDeploymentPostprocessing = 0;
		};
/* End PBXSourcesBuildPhase section */

/* Begin PBXTargetDependency section */
		BAC4179F23A2981A00AC1EE5 /* PBXTargetDependency */ = {
			isa = PBXTargetDependency;
			target = BAC4178623A2981600AC1EE5 /* Algonos */;
			targetProxy = BAC4179E23A2981A00AC1EE5 /* PBXContainerItemProxy */;
		};
		BAC417AA23A2981B00AC1EE5 /* PBXTargetDependency */ = {
			isa = PBXTargetDependency;
			target = BAC4178623A2981600AC1EE5 /* Algonos */;
			targetProxy = BAC417A923A2981B00AC1EE5 /* PBXContainerItemProxy */;
		};
/* End PBXTargetDependency section */

/* Begin PBXVariantGroup section */
		BAC4179023A2981600AC1EE5 /* Main.storyboard */ = {
			isa = PBXVariantGroup;
			children = (
				BAC4179123A2981600AC1EE5 /* Base */,
				BAC417BF23A2F05900AC1EE5 /* fr */,
			);
			name = Main.storyboard;
			sourceTree = "<group>";
		};
		BAC4179523A2981A00AC1EE5 /* LaunchScreen.storyboard */ = {
			isa = PBXVariantGroup;
			children = (
				BAC4179623A2981A00AC1EE5 /* Base */,
				BAC417C023A2F05900AC1EE5 /* fr */,
			);
			name = LaunchScreen.storyboard;
			sourceTree = "<group>";
		};
		BAC417C523A2F0E200AC1EE5 /* Localizable.strings */ = {
			isa = PBXVariantGroup;
			children = (
				BAC417C423A2F0E200AC1EE5 /* en */,
				BAC417C623A2F0E800AC1EE5 /* fr */,
			);
			name = Localizable.strings;
			sourceTree = "<group>";
		};
/* End PBXVariantGroup section */

/* Begin XCBuildConfiguration section */
		BAC417AF23A2981B00AC1EE5 /* Debug */ = {
			isa = XCBuildConfiguration;
			buildSettings = {
				ALWAYS_SEARCH_USER_PATHS = NO;
				CLANG_ANALYZER_LOCALIZABILITY_NONLOCALIZED = YES;
				CLANG_ANALYZER_NONNULL = YES;
				CLANG_ANALYZER_NUMBER_OBJECT_CONVERSION = YES_AGGRESSIVE;
				CLANG_CXX_LANGUAGE_STANDARD = "gnu++14";
				CLANG_CXX_LIBRARY = "libc++";
				CLANG_ENABLE_MODULES = YES;
				CLANG_ENABLE_OBJC_ARC = YES;
				CLANG_ENABLE_OBJC_WEAK = YES;
				CLANG_WARN_BLOCK_CAPTURE_AUTORELEASING = YES;
				CLANG_WARN_BOOL_CONVERSION = YES;
				CLANG_WARN_COMMA = YES;
				CLANG_WARN_CONSTANT_CONVERSION = YES;
				CLANG_WARN_DEPRECATED_OBJC_IMPLEMENTATIONS = YES;
				CLANG_WARN_DIRECT_OBJC_ISA_USAGE = YES_ERROR;
				CLANG_WARN_DOCUMENTATION_COMMENTS = YES;
				CLANG_WARN_EMPTY_BODY = YES;
				CLANG_WARN_ENUM_CONVERSION = YES;
				CLANG_WARN_INFINITE_RECURSION = YES;
				CLANG_WARN_INT_CONVERSION = YES;
				CLANG_WARN_NON_LITERAL_NULL_CONVERSION = YES;
				CLANG_WARN_OBJC_IMPLICIT_RETAIN_SELF = YES;
				CLANG_WARN_OBJC_LITERAL_CONVERSION = YES;
				CLANG_WARN_OBJC_ROOT_CLASS = YES_ERROR;
				CLANG_WARN_RANGE_LOOP_ANALYSIS = YES;
				CLANG_WARN_STRICT_PROTOTYPES = YES;
				CLANG_WARN_SUSPICIOUS_MOVE = YES;
				CLANG_WARN_UNGUARDED_AVAILABILITY = YES_AGGRESSIVE;
				CLANG_WARN_UNREACHABLE_CODE = YES;
				CLANG_WARN__DUPLICATE_METHOD_MATCH = YES;
				COPY_PHASE_STRIP = NO;
				DEBUG_INFORMATION_FORMAT = dwarf;
				ENABLE_STRICT_OBJC_MSGSEND = YES;
				ENABLE_TESTABILITY = YES;
				GCC_C_LANGUAGE_STANDARD = gnu11;
				GCC_DYNAMIC_NO_PIC = NO;
				GCC_NO_COMMON_BLOCKS = YES;
				GCC_OPTIMIZATION_LEVEL = 0;
				GCC_PREPROCESSOR_DEFINITIONS = (
					"DEBUG=1",
					"$(inherited)",
				);
				GCC_WARN_64_TO_32_BIT_CONVERSION = YES;
				GCC_WARN_ABOUT_RETURN_TYPE = YES_ERROR;
				GCC_WARN_UNDECLARED_SELECTOR = YES;
				GCC_WARN_UNINITIALIZED_AUTOS = YES_AGGRESSIVE;
				GCC_WARN_UNUSED_FUNCTION = YES;
				GCC_WARN_UNUSED_VARIABLE = YES;
				IPHONEOS_DEPLOYMENT_TARGET = 13.0;
				MTL_ENABLE_DEBUG_INFO = INCLUDE_SOURCE;
				MTL_FAST_MATH = YES;
				ONLY_ACTIVE_ARCH = YES;
				SDKROOT = iphoneos;
				SWIFT_ACTIVE_COMPILATION_CONDITIONS = DEBUG;
				SWIFT_OPTIMIZATION_LEVEL = "-Onone";
			};
			name = Debug;
		};
		BAC417B023A2981B00AC1EE5 /* Release */ = {
			isa = XCBuildConfiguration;
			buildSettings = {
				ALWAYS_SEARCH_USER_PATHS = NO;
				CLANG_ANALYZER_LOCALIZABILITY_NONLOCALIZED = YES;
				CLANG_ANALYZER_NONNULL = YES;
				CLANG_ANALYZER_NUMBER_OBJECT_CONVERSION = YES_AGGRESSIVE;
				CLANG_CXX_LANGUAGE_STANDARD = "gnu++14";
				CLANG_CXX_LIBRARY = "libc++";
				CLANG_ENABLE_MODULES = YES;
				CLANG_ENABLE_OBJC_ARC = YES;
				CLANG_ENABLE_OBJC_WEAK = YES;
				CLANG_WARN_BLOCK_CAPTURE_AUTORELEASING = YES;
				CLANG_WARN_BOOL_CONVERSION = YES;
				CLANG_WARN_COMMA = YES;
				CLANG_WARN_CONSTANT_CONVERSION = YES;
				CLANG_WARN_DEPRECATED_OBJC_IMPLEMENTATIONS = YES;
				CLANG_WARN_DIRECT_OBJC_ISA_USAGE = YES_ERROR;
				CLANG_WARN_DOCUMENTATION_COMMENTS = YES;
				CLANG_WARN_EMPTY_BODY = YES;
				CLANG_WARN_ENUM_CONVERSION = YES;
				CLANG_WARN_INFINITE_RECURSION = YES;
				CLANG_WARN_INT_CONVERSION = YES;
				CLANG_WARN_NON_LITERAL_NULL_CONVERSION = YES;
				CLANG_WARN_OBJC_IMPLICIT_RETAIN_SELF = YES;
				CLANG_WARN_OBJC_LITERAL_CONVERSION = YES;
				CLANG_WARN_OBJC_ROOT_CLASS = YES_ERROR;
				CLANG_WARN_RANGE_LOOP_ANALYSIS = YES;
				CLANG_WARN_STRICT_PROTOTYPES = YES;
				CLANG_WARN_SUSPICIOUS_MOVE = YES;
				CLANG_WARN_UNGUARDED_AVAILABILITY = YES_AGGRESSIVE;
				CLANG_WARN_UNREACHABLE_CODE = YES;
				CLANG_WARN__DUPLICATE_METHOD_MATCH = YES;
				COPY_PHASE_STRIP = NO;
				DEBUG_INFORMATION_FORMAT = "dwarf-with-dsym";
				ENABLE_NS_ASSERTIONS = NO;
				ENABLE_STRICT_OBJC_MSGSEND = YES;
				GCC_C_LANGUAGE_STANDARD = gnu11;
				GCC_NO_COMMON_BLOCKS = YES;
				GCC_WARN_64_TO_32_BIT_CONVERSION = YES;
				GCC_WARN_ABOUT_RETURN_TYPE = YES_ERROR;
				GCC_WARN_UNDECLARED_SELECTOR = YES;
				GCC_WARN_UNINITIALIZED_AUTOS = YES_AGGRESSIVE;
				GCC_WARN_UNUSED_FUNCTION = YES;
				GCC_WARN_UNUSED_VARIABLE = YES;
				IPHONEOS_DEPLOYMENT_TARGET = 13.0;
				MTL_ENABLE_DEBUG_INFO = NO;
				MTL_FAST_MATH = YES;
				SDKROOT = iphoneos;
				SWIFT_COMPILATION_MODE = wholemodule;
				SWIFT_OPTIMIZATION_LEVEL = "-O";
				VALIDATE_PRODUCT = YES;
			};
			name = Release;
		};
		BAC417B223A2981B00AC1EE5 /* Debug */ = {
			isa = XCBuildConfiguration;
			baseConfigurationReference = 79CDEED84F37679C14CC1FC4 /* Pods-Algonos.debug.xcconfig */;
			buildSettings = {
				ASSETCATALOG_COMPILER_APPICON_NAME = AppIcon;
				CODE_SIGN_STYLE = Automatic;
				DEVELOPMENT_TEAM = L4WX2J23JW;
				INFOPLIST_FILE = Algonos/Info.plist;
				LD_RUNPATH_SEARCH_PATHS = (
					"$(inherited)",
					"@executable_path/Frameworks",
				);
				PRODUCT_BUNDLE_IDENTIFIER = TristanBilot.Algonos;
				PRODUCT_NAME = "$(TARGET_NAME)";
				SWIFT_VERSION = 5.0;
				TARGETED_DEVICE_FAMILY = "1,2";
			};
			name = Debug;
		};
		BAC417B323A2981B00AC1EE5 /* Release */ = {
			isa = XCBuildConfiguration;
			baseConfigurationReference = ACAB38799323858EBA57432B /* Pods-Algonos.release.xcconfig */;
			buildSettings = {
				ASSETCATALOG_COMPILER_APPICON_NAME = AppIcon;
				CODE_SIGN_STYLE = Automatic;
				DEVELOPMENT_TEAM = L4WX2J23JW;
				INFOPLIST_FILE = Algonos/Info.plist;
				LD_RUNPATH_SEARCH_PATHS = (
					"$(inherited)",
					"@executable_path/Frameworks",
				);
				PRODUCT_BUNDLE_IDENTIFIER = TristanBilot.Algonos;
				PRODUCT_NAME = "$(TARGET_NAME)";
				SWIFT_VERSION = 5.0;
				TARGETED_DEVICE_FAMILY = "1,2";
			};
			name = Release;
		};
		BAC417B523A2981B00AC1EE5 /* Debug */ = {
			isa = XCBuildConfiguration;
			baseConfigurationReference = B89DB55EBC5C91695B313EE5 /* Pods-AlgonosTests.debug.xcconfig */;
			buildSettings = {
				ALWAYS_EMBED_SWIFT_STANDARD_LIBRARIES = YES;
				BUNDLE_LOADER = "$(TEST_HOST)";
				CODE_SIGN_STYLE = Automatic;
				DEVELOPMENT_TEAM = L4WX2J23JW;
				INFOPLIST_FILE = AlgonosTests/Info.plist;
				IPHONEOS_DEPLOYMENT_TARGET = 13.0;
				LD_RUNPATH_SEARCH_PATHS = (
					"$(inherited)",
					"@executable_path/Frameworks",
					"@loader_path/Frameworks",
				);
				PRODUCT_BUNDLE_IDENTIFIER = TristanBilot.AlgonosTests;
				PRODUCT_NAME = "$(TARGET_NAME)";
				SWIFT_VERSION = 5.0;
				TARGETED_DEVICE_FAMILY = "1,2";
				TEST_HOST = "$(BUILT_PRODUCTS_DIR)/Algonos.app/Algonos";
			};
			name = Debug;
		};
		BAC417B623A2981B00AC1EE5 /* Release */ = {
			isa = XCBuildConfiguration;
			baseConfigurationReference = 4441B0C15A5A4EDE8199EBCE /* Pods-AlgonosTests.release.xcconfig */;
			buildSettings = {
				ALWAYS_EMBED_SWIFT_STANDARD_LIBRARIES = YES;
				BUNDLE_LOADER = "$(TEST_HOST)";
				CODE_SIGN_STYLE = Automatic;
				DEVELOPMENT_TEAM = L4WX2J23JW;
				INFOPLIST_FILE = AlgonosTests/Info.plist;
				IPHONEOS_DEPLOYMENT_TARGET = 13.0;
				LD_RUNPATH_SEARCH_PATHS = (
					"$(inherited)",
					"@executable_path/Frameworks",
					"@loader_path/Frameworks",
				);
				PRODUCT_BUNDLE_IDENTIFIER = TristanBilot.AlgonosTests;
				PRODUCT_NAME = "$(TARGET_NAME)";
				SWIFT_VERSION = 5.0;
				TARGETED_DEVICE_FAMILY = "1,2";
				TEST_HOST = "$(BUILT_PRODUCTS_DIR)/Algonos.app/Algonos";
			};
			name = Release;
		};
		BAC417B823A2981B00AC1EE5 /* Debug */ = {
			isa = XCBuildConfiguration;
			baseConfigurationReference = 6255DE71B5638B242574CB87 /* Pods-Algonos-AlgonosUITests.debug.xcconfig */;
			buildSettings = {
				ALWAYS_EMBED_SWIFT_STANDARD_LIBRARIES = YES;
				CODE_SIGN_STYLE = Automatic;
				DEVELOPMENT_TEAM = L4WX2J23JW;
				INFOPLIST_FILE = AlgonosUITests/Info.plist;
				LD_RUNPATH_SEARCH_PATHS = (
					"$(inherited)",
					"@executable_path/Frameworks",
					"@loader_path/Frameworks",
				);
				PRODUCT_BUNDLE_IDENTIFIER = TristanBilot.AlgonosUITests;
				PRODUCT_NAME = "$(TARGET_NAME)";
				SWIFT_VERSION = 5.0;
				TARGETED_DEVICE_FAMILY = "1,2";
				TEST_TARGET_NAME = Algonos;
			};
			name = Debug;
		};
		BAC417B923A2981B00AC1EE5 /* Release */ = {
			isa = XCBuildConfiguration;
			baseConfigurationReference = 7FDE34998A6FEA68B90B6BD8 /* Pods-Algonos-AlgonosUITests.release.xcconfig */;
			buildSettings = {
				ALWAYS_EMBED_SWIFT_STANDARD_LIBRARIES = YES;
				CODE_SIGN_STYLE = Automatic;
				DEVELOPMENT_TEAM = L4WX2J23JW;
				INFOPLIST_FILE = AlgonosUITests/Info.plist;
				LD_RUNPATH_SEARCH_PATHS = (
					"$(inherited)",
					"@executable_path/Frameworks",
					"@loader_path/Frameworks",
				);
				PRODUCT_BUNDLE_IDENTIFIER = TristanBilot.AlgonosUITests;
				PRODUCT_NAME = "$(TARGET_NAME)";
				SWIFT_VERSION = 5.0;
				TARGETED_DEVICE_FAMILY = "1,2";
				TEST_TARGET_NAME = Algonos;
			};
			name = Release;
		};
/* End XCBuildConfiguration section */

/* Begin XCConfigurationList section */
		BAC4178223A2981600AC1EE5 /* Build configuration list for PBXProject "Algonos" */ = {
			isa = XCConfigurationList;
			buildConfigurations = (
				BAC417AF23A2981B00AC1EE5 /* Debug */,
				BAC417B023A2981B00AC1EE5 /* Release */,
			);
			defaultConfigurationIsVisible = 0;
			defaultConfigurationName = Release;
		};
		BAC417B123A2981B00AC1EE5 /* Build configuration list for PBXNativeTarget "Algonos" */ = {
			isa = XCConfigurationList;
			buildConfigurations = (
				BAC417B223A2981B00AC1EE5 /* Debug */,
				BAC417B323A2981B00AC1EE5 /* Release */,
			);
			defaultConfigurationIsVisible = 0;
			defaultConfigurationName = Release;
		};
		BAC417B423A2981B00AC1EE5 /* Build configuration list for PBXNativeTarget "AlgonosTests" */ = {
			isa = XCConfigurationList;
			buildConfigurations = (
				BAC417B523A2981B00AC1EE5 /* Debug */,
				BAC417B623A2981B00AC1EE5 /* Release */,
			);
			defaultConfigurationIsVisible = 0;
			defaultConfigurationName = Release;
		};
		BAC417B723A2981B00AC1EE5 /* Build configuration list for PBXNativeTarget "AlgonosUITests" */ = {
			isa = XCConfigurationList;
			buildConfigurations = (
				BAC417B823A2981B00AC1EE5 /* Debug */,
				BAC417B923A2981B00AC1EE5 /* Release */,
			);
			defaultConfigurationIsVisible = 0;
			defaultConfigurationName = Release;
		};
/* End XCConfigurationList section */
	};
	rootObject = BAC4177F23A2981600AC1EE5 /* Project object */;
}
